<Solution>
  <Folder Name="/samples/">
    <Project Path="samples/ConsoleRender.Demo/ConsoleRender.Demo.csproj" />
  </Folder>
  <Folder Name="/src/">
    <Project Path="src/ConsoleRender/ConsoleRender.csproj" />
  </Folder>
  <Folder Name="/tests/">
    <Project Path="tests/ConsoleRender.Tests/ConsoleRender.Tests.csproj" />
  </Folder>
</Solution>
